
Microsoft Visual Studio Solution File, Format Version 12.00
# Visual Studio Version 17
VisualStudioVersion = 17.9.34728.123
MinimumVisualStudioVersion = 10.0.40219.1
Project("{FAE04EC0-301F-11D3-BF4B-00C04F79EFBC}") = "PrecisoGps.Android", "PrecisoGps.Android\PrecisoGps.Android.csproj", "{AA7EB13D-E673-4D1B-B7AD-6D47B7BB50BF}"
EndProject
Project("{FAE04EC0-301F-11D3-BF4B-00C04F79EFBC}") = "PrecisoGps.iOS", "PrecisoGps.iOS\PrecisoGps.iOS.csproj", "{BA9F5540-DBB1-4855-875D-9D7A6B5C1C07}"
EndProject
Project("{FAE04EC0-301F-11D3-BF4B-00C04F79EFBC}") = "PrecisoGps", "PrecisoGps\PrecisoGps.csproj", "{823756E8-E47C-4D7A-A29A-C104A3EB5C2F}"
EndProject
Global
	GlobalSection(SolutionConfigurationPlatforms) = preSolution
		Debug|Any CPU = Debug|Any CPU
		Debug|iPhone = Debug|iPhone
		Debug|iPhoneSimulator = Debug|iPhoneSimulator
		Release|Any CPU = Release|Any CPU
		Release|iPhone = Release|iPhone
		Release|iPhoneSimulator = Release|iPhoneSimulator
	EndGlobalSection
	GlobalSection(ProjectConfigurationPlatforms) = postSolution
		{AA7EB13D-E673-4D1B-B7AD-6D47B7BB50BF}.Debug|Any CPU.ActiveCfg = Debug|Any CPU
		{AA7EB13D-E673-4D1B-B7AD-6D47B7BB50BF}.Debug|Any CPU.Build.0 = Debug|Any CPU
		{AA7EB13D-E673-4D1B-B7AD-6D47B7BB50BF}.Debug|Any CPU.Deploy.0 = Debug|Any CPU
		{AA7EB13D-E673-4D1B-B7AD-6D47B7BB50BF}.Debug|iPhone.ActiveCfg = Debug|Any CPU
		{AA7EB13D-E673-4D1B-B7AD-6D47B7BB50BF}.Debug|iPhone.Build.0 = Debug|Any CPU
		{AA7EB13D-E673-4D1B-B7AD-6D47B7BB50BF}.Debug|iPhone.Deploy.0 = Debug|Any CPU
		{AA7EB13D-E673-4D1B-B7AD-6D47B7BB50BF}.Debug|iPhoneSimulator.ActiveCfg = Debug|Any CPU
		{AA7EB13D-E673-4D1B-B7AD-6D47B7BB50BF}.Debug|iPhoneSimulator.Build.0 = Debug|Any CPU
		{AA7EB13D-E673-4D1B-B7AD-6D47B7BB50BF}.Debug|iPhoneSimulator.Deploy.0 = Debug|Any CPU
		{AA7EB13D-E673-4D1B-B7AD-6D47B7BB50BF}.Release|Any CPU.ActiveCfg = Release|Any CPU
		{AA7EB13D-E673-4D1B-B7AD-6D47B7BB50BF}.Release|Any CPU.Build.0 = Release|Any CPU
		{AA7EB13D-E673-4D1B-B7AD-6D47B7BB50BF}.Release|Any CPU.Deploy.0 = Release|Any CPU
		{AA7EB13D-E673-4D1B-B7AD-6D47B7BB50BF}.Release|iPhone.ActiveCfg = Release|Any CPU
		{AA7EB13D-E673-4D1B-B7AD-6D47B7BB50BF}.Release|iPhone.Build.0 = Release|Any CPU
		{AA7EB13D-E673-4D1B-B7AD-6D47B7BB50BF}.Release|iPhone.Deploy.0 = Release|Any CPU
		{AA7EB13D-E673-4D1B-B7AD-6D47B7BB50BF}.Release|iPhoneSimulator.ActiveCfg = Release|Any CPU
		{AA7EB13D-E673-4D1B-B7AD-6D47B7BB50BF}.Release|iPhoneSimulator.Build.0 = Release|Any CPU
		{AA7EB13D-E673-4D1B-B7AD-6D47B7BB50BF}.Release|iPhoneSimulator.Deploy.0 = Release|Any CPU
		{BA9F5540-DBB1-4855-875D-9D7A6B5C1C07}.Debug|Any CPU.ActiveCfg = Debug|iPhone
		{BA9F5540-DBB1-4855-875D-9D7A6B5C1C07}.Debug|Any CPU.Build.0 = Debug|iPhone
		{BA9F5540-DBB1-4855-875D-9D7A6B5C1C07}.Debug|Any CPU.Deploy.0 = Debug|iPhone
		{BA9F5540-DBB1-4855-875D-9D7A6B5C1C07}.Debug|iPhone.ActiveCfg = Debug|iPhone
		{BA9F5540-DBB1-4855-875D-9D7A6B5C1C07}.Debug|iPhone.Build.0 = Debug|iPhone
		{BA9F5540-DBB1-4855-875D-9D7A6B5C1C07}.Debug|iPhone.Deploy.0 = Debug|iPhone
		{BA9F5540-DBB1-4855-875D-9D7A6B5C1C07}.Debug|iPhoneSimulator.ActiveCfg = Debug|iPhoneSimulator
		{BA9F5540-DBB1-4855-875D-9D7A6B5C1C07}.Debug|iPhoneSimulator.Build.0 = Debug|iPhoneSimulator
		{BA9F5540-DBB1-4855-875D-9D7A6B5C1C07}.Debug|iPhoneSimulator.Deploy.0 = Debug|iPhoneSimulator
		{BA9F5540-DBB1-4855-875D-9D7A6B5C1C07}.Release|Any CPU.ActiveCfg = Release|iPhoneSimulator
		{BA9F5540-DBB1-4855-875D-9D7A6B5C1C07}.Release|Any CPU.Build.0 = Release|iPhoneSimulator
		{BA9F5540-DBB1-4855-875D-9D7A6B5C1C07}.Release|Any CPU.Deploy.0 = Release|iPhoneSimulator
		{BA9F5540-DBB1-4855-875D-9D7A6B5C1C07}.Release|iPhone.ActiveCfg = Release|iPhone
		{BA9F5540-DBB1-4855-875D-9D7A6B5C1C07}.Release|iPhone.Build.0 = Release|iPhone
		{BA9F5540-DBB1-4855-875D-9D7A6B5C1C07}.Release|iPhone.Deploy.0 = Release|iPhone
		{BA9F5540-DBB1-4855-875D-9D7A6B5C1C07}.Release|iPhoneSimulator.ActiveCfg = Release|iPhoneSimulator
		{BA9F5540-DBB1-4855-875D-9D7A6B5C1C07}.Release|iPhoneSimulator.Build.0 = Release|iPhoneSimulator
		{BA9F5540-DBB1-4855-875D-9D7A6B5C1C07}.Release|iPhoneSimulator.Deploy.0 = Release|iPhoneSimulator
		{823756E8-E47C-4D7A-A29A-C104A3EB5C2F}.Debug|Any CPU.ActiveCfg = Debug|Any CPU
		{823756E8-E47C-4D7A-A29A-C104A3EB5C2F}.Debug|Any CPU.Build.0 = Debug|Any CPU
		{823756E8-E47C-4D7A-A29A-C104A3EB5C2F}.Debug|Any CPU.Deploy.0 = Debug|Any CPU
		{823756E8-E47C-4D7A-A29A-C104A3EB5C2F}.Debug|iPhone.ActiveCfg = Debug|Any CPU
		{823756E8-E47C-4D7A-A29A-C104A3EB5C2F}.Debug|iPhone.Build.0 = Debug|Any CPU
		{823756E8-E47C-4D7A-A29A-C104A3EB5C2F}.Debug|iPhone.Deploy.0 = Debug|Any CPU
		{823756E8-E47C-4D7A-A29A-C104A3EB5C2F}.Debug|iPhoneSimulator.ActiveCfg = Debug|Any CPU
		{823756E8-E47C-4D7A-A29A-C104A3EB5C2F}.Debug|iPhoneSimulator.Build.0 = Debug|Any CPU
		{823756E8-E47C-4D7A-A29A-C104A3EB5C2F}.Debug|iPhoneSimulator.Deploy.0 = Debug|Any CPU
		{823756E8-E47C-4D7A-A29A-C104A3EB5C2F}.Release|Any CPU.ActiveCfg = Release|Any CPU
		{823756E8-E47C-4D7A-A29A-C104A3EB5C2F}.Release|Any CPU.Build.0 = Release|Any CPU
		{823756E8-E47C-4D7A-A29A-C104A3EB5C2F}.Release|Any CPU.Deploy.0 = Release|Any CPU
		{823756E8-E47C-4D7A-A29A-C104A3EB5C2F}.Release|iPhone.ActiveCfg = Release|Any CPU
		{823756E8-E47C-4D7A-A29A-C104A3EB5C2F}.Release|iPhone.Build.0 = Release|Any CPU
		{823756E8-E47C-4D7A-A29A-C104A3EB5C2F}.Release|iPhone.Deploy.0 = Release|Any CPU
		{823756E8-E47C-4D7A-A29A-C104A3EB5C2F}.Release|iPhoneSimulator.ActiveCfg = Release|Any CPU
		{823756E8-E47C-4D7A-A29A-C104A3EB5C2F}.Release|iPhoneSimulator.Build.0 = Release|Any CPU
		{823756E8-E47C-4D7A-A29A-C104A3EB5C2F}.Release|iPhoneSimulator.Deploy.0 = Release|Any CPU
	EndGlobalSection
	GlobalSection(SolutionProperties) = preSolution
		HideSolutionNode = FALSE
	EndGlobalSection
	GlobalSection(ExtensibilityGlobals) = postSolution
		SolutionGuid = {E0A40B19-0F8B-49C9-BB7E-CD09E14CA192}
	EndGlobalSection
EndGlobal
